
Microsoft Visual Studio Solution File, Format Version 12.00
# Visual Studio Version 17
VisualStudioVersion = 17.1.32414.318
MinimumVisualStudioVersion = 10.0.40219.1
Project("{FAE04EC0-301F-11D3-BF4B-00C04F79EFBC}") = "Ex04.Menus.Interfaces", "Project1\Ex04.Menus.Interfaces.csproj", "{0FDE9C0A-127E-4590-B199-C5DD9866C702}"
EndProject
Project("{FAE04EC0-301F-11D3-BF4B-00C04F79EFBC}") = "Ex04.Menus.Delegates", "Ex04.Menus.Delegates\Ex04.Menus.Delegates.csproj", "{C01E4F48-18EC-4DE2-9FF0-ACE21E7608AD}"
EndProject
Project("{FAE04EC0-301F-11D3-BF4B-00C04F79EFBC}") = "Ex04.Menus.Test", "Ex04.Menus.Test\Ex04.Menus.Test.csproj", "{745F5BF4-13E1-4A55-8111-A83AA83E9693}"
EndProject
Global
	GlobalSection(SolutionConfigurationPlatforms) = preSolution
		Debug|Any CPU = Debug|Any CPU
		Release|Any CPU = Release|Any CPU
	EndGlobalSection
	GlobalSection(ProjectConfigurationPlatforms) = postSolution
		{0FDE9C0A-127E-4590-B199-C5DD9866C702}.Debug|Any CPU.ActiveCfg = Debug|Any CPU
		{0FDE9C0A-127E-4590-B199-C5DD9866C702}.Debug|Any CPU.Build.0 = Debug|Any CPU
		{0FDE9C0A-127E-4590-B199-C5DD9866C702}.Release|Any CPU.ActiveCfg = Release|Any CPU
		{0FDE9C0A-127E-4590-B199-C5DD9866C702}.Release|Any CPU.Build.0 = Release|Any CPU
		{C01E4F48-18EC-4DE2-9FF0-ACE21E7608AD}.Debug|Any CPU.ActiveCfg = Debug|Any CPU
		{C01E4F48-18EC-4DE2-9FF0-ACE21E7608AD}.Debug|Any CPU.Build.0 = Debug|Any CPU
		{C01E4F48-18EC-4DE2-9FF0-ACE21E7608AD}.Release|Any CPU.ActiveCfg = Release|Any CPU
		{C01E4F48-18EC-4DE2-9FF0-ACE21E7608AD}.Release|Any CPU.Build.0 = Release|Any CPU
		{745F5BF4-13E1-4A55-8111-A83AA83E9693}.Debug|Any CPU.ActiveCfg = Debug|Any CPU
		{745F5BF4-13E1-4A55-8111-A83AA83E9693}.Debug|Any CPU.Build.0 = Debug|Any CPU
		{745F5BF4-13E1-4A55-8111-A83AA83E9693}.Release|Any CPU.ActiveCfg = Release|Any CPU
		{745F5BF4-13E1-4A55-8111-A83AA83E9693}.Release|Any CPU.Build.0 = Release|Any CPU
	EndGlobalSection
	GlobalSection(SolutionProperties) = preSolution
		HideSolutionNode = FALSE
	EndGlobalSection
	GlobalSection(ExtensibilityGlobals) = postSolution
		SolutionGuid = {485A9D95-8682-480D-8937-2431BFC1DAE6}
	EndGlobalSection
EndGlobal
